
Microsoft Visual Studio Solution File, Format Version 12.00
# Visual Studio Version 16
VisualStudioVersion = 16.0.30114.105
MinimumVisualStudioVersion = 10.0.40219.1
Project("{9092AA53-FB77-4645-B42D-1CCCA6BD08BD}") = "ProjectAuth", "ProjectAuth\ProjectAuth.njsproj", "{57873663-C3B2-4706-96FC-E6449106DAAC}"
EndProject
Global
	GlobalSection(SolutionConfigurationPlatforms) = preSolution
		Debug|Any CPU = Debug|Any CPU
		Release|Any CPU = Release|Any CPU
	EndGlobalSection
	GlobalSection(ProjectConfigurationPlatforms) = postSolution
		{57873663-C3B2-4706-96FC-E6449106DAAC}.Debug|Any CPU.ActiveCfg = Debug|Any CPU
		{57873663-C3B2-4706-96FC-E6449106DAAC}.Debug|Any CPU.Build.0 = Debug|Any CPU
		{57873663-C3B2-4706-96FC-E6449106DAAC}.Release|Any CPU.ActiveCfg = Release|Any CPU
		{57873663-C3B2-4706-96FC-E6449106DAAC}.Release|Any CPU.Build.0 = Release|Any CPU
	EndGlobalSection
	GlobalSection(SolutionProperties) = preSolution
		HideSolutionNode = FALSE
	EndGlobalSection
	GlobalSection(ExtensibilityGlobals) = postSolution
		SolutionGuid = {2196E4F3-69A0-46D5-BADA-F485A3BF56E2}
	EndGlobalSection
EndGlobal
